
Microsoft Visual Studio Solution File, Format Version 12.00
# Visual Studio Version 17
VisualStudioVersion = 17.8.34511.84
MinimumVisualStudioVersion = 10.0.40219.1
Project("{FAE04EC0-301F-11D3-BF4B-00C04F79EFBC}") = "greatAdventure", "greatAdventure.csproj", "{BCED47C5-85F0-4988-B395-7B87C5005409}"
EndProject
Global
	GlobalSection(SolutionConfigurationPlatforms) = preSolution
		Debug|Any CPU = Debug|Any CPU
		Release|Any CPU = Release|Any CPU
	EndGlobalSection
	GlobalSection(ProjectConfigurationPlatforms) = postSolution
		{BCED47C5-85F0-4988-B395-7B87C5005409}.Debug|Any CPU.ActiveCfg = Debug|Any CPU
		{BCED47C5-85F0-4988-B395-7B87C5005409}.Debug|Any CPU.Build.0 = Debug|Any CPU
		{BCED47C5-85F0-4988-B395-7B87C5005409}.Release|Any CPU.ActiveCfg = Release|Any CPU
		{BCED47C5-85F0-4988-B395-7B87C5005409}.Release|Any CPU.Build.0 = Release|Any CPU
	EndGlobalSection
	GlobalSection(SolutionProperties) = preSolution
		HideSolutionNode = FALSE
	EndGlobalSection
	GlobalSection(ExtensibilityGlobals) = postSolution
		SolutionGuid = {D4D17FFD-5313-4073-9EF9-3F982CAB5E9F}
	EndGlobalSection
EndGlobal
